{
    "_readme": [
        "This file locks the dependencies of your project to a known state",
        "Read more about it at https://getcomposer.org/doc/01-basic-usage.md#installing-dependencies",
        "This file is @generated automatically"
    ],
    "content-hash": "2a1454e0133b2632038704eaf9a3d11e",
    "packages": [
        {
            "name": "ed-itsolutions/wup-client",
            "version": "dev-master",
            "source": {
                "type": "git",
                "url": "https://github.com/Ed-ITSolutions/wup-client.git",
                "reference": "4ab08ab4b7a26374cc4d1db0d76b43337ec59803"
            },
            "dist": {
                "type": "zip",
                "url": "https://api.github.com/repos/Ed-ITSolutions/wup-client/zipball/4ab08ab4b7a26374cc4d1db0d76b43337ec59803",
                "reference": "4ab08ab4b7a26374cc4d1db0d76b43337ec59803",
                "shasum": ""
            },
            "require": {
                "php": "^5.3.3 || ^7.0"
            },
            "type": "library",
            "autoload": {
                "files": [
                    "wup-client.php"
                ]
            },
            "notification-url": "https://packagist.org/downloads/",
            "license": [
                "MIT"
            ],
            "authors": [
                {
                    "name": "Adam Laycock",
                    "email": "adam@arcath.net",
                    "homepage": "https://arcath.net",
                    "role": "Developer"
                }
            ],
            "description": "WordPress Update Provider client for use in plugins / themes.",
            "time": "2018-06-18T09:56:00+00:00"
        }
    ],
    "packages-dev": [],
    "aliases": [],
    "minimum-stability": "stable",
    "stability-flags": {
        "ed-itsolutions/wup-client": 20
    },
    "prefer-stable": false,
    "prefer-lowest": false,
    "platform": [],
    "platform-dev": []
}
