{
    "_readme": [
        "This file locks the dependencies of your project to a known state",
        "Read more about it at https://getcomposer.org/doc/01-basic-usage.md#installing-dependencies",
        "This file is @generated automatically"
    ],
    "content-hash": "0bd628e6d4dc134c223780d366b28a2f",
    "packages": [
        {
            "name": "ed-itsolutions/wup-client",
            "version": "v0.0.1-alpha2",
            "source": {
                "type": "git",
                "url": "https://github.com/Ed-ITSolutions/wup-client.git",
                "reference": "2ed63c4e37b3428c1c0f7853ae7646708161ba1b"
            },
            "dist": {
                "type": "zip",
                "url": "https://api.github.com/repos/Ed-ITSolutions/wup-client/zipball/2ed63c4e37b3428c1c0f7853ae7646708161ba1b",
                "reference": "2ed63c4e37b3428c1c0f7853ae7646708161ba1b",
                "shasum": ""
            },
            "require": {
                "php": "^5.3.3 || ^7.0"
            },
            "type": "library",
            "autoload": {
                "files": [
                    "wup-client.php"
                ]
            },
            "notification-url": "https://packagist.org/downloads/",
            "license": [
                "MIT"
            ],
            "authors": [
                {
                    "name": "Adam Laycock",
                    "email": "adam@arcath.net",
                    "homepage": "https://arcath.net",
                    "role": "Developer"
                }
            ],
            "description": "WordPress Update Provider client for use in plugins / themes.",
            "time": "2018-06-20T12:28:08+00:00"
        }
    ],
    "packages-dev": [],
    "aliases": [],
    "minimum-stability": "stable",
    "stability-flags": {
        "ed-itsolutions/wup-client": 15
    },
    "prefer-stable": false,
    "prefer-lowest": false,
    "platform": [],
    "platform-dev": []
}
